github.com/alfredxing/calc v0.0.0-20180827002445-77daf576f976 h1:+jyVKPjl5Y39thM0ZlVrRqKjSO/Upr5tP9ZQGELv8gw=
github.com/alfredxing/calc v0.0.0-20180827002445-77daf576f976/go.mod h1:/HQknSiD7YKT15DoHXuiXezQfNPBUm8PeqFaTxeA3HU=
github.com/hhio618/ledger v0.0.0-20241004213850-78a2602424d1 h1:xxsP5KTuSQ+7GbQf52mu/8POc6kDC2xN4WbTaP/Zgvo=
github.com/hhio618/ledger v0.0.0-20241004213850-78a2602424d1/go.mod h1:EiYAJtvI1D9UTkMcFpO9FwCf46OlSE0Y8FA9uJkdq5Q=
github.com/joyt/godate v0.0.0-20150226210126-7151572574a7 h1:2wH5antjhmU3EuWyidm0lJ4B9hGMpl5lNRo+M9uGJ5A=
github.com/joyt/godate v0.0.0-20150226210126-7151572574a7/go.mod h1:R+UgFL3iylLhx9N4w35zZ2HdhDlgorRDx4SxbchWuN0=
github.com/shopspring/decimal v1.4.0 h1:bxl37RwXBklmTi0C79JfXCEBD1cqqHt0bbgBAGFp81k=
github.com/shopspring/decimal v1.4.0/go.mod h1:gawqmDU56v4yIKSwfBSFip1HdCCXN8/+DMd9qYNcwME=
golang.org/x/mobile v0.0.0-20241204233305-ce44b2716d33 h1:MeYjBsMjR6w9aXA3oHEJWCQ5bnD5fOjesYMOn52ovQY=
golang.org/x/mobile v0.0.0-20241204233305-ce44b2716d33/go.mod h1:Sf9LBimL0mWKEdgAjRmJ6iu7Z34osHQTK/devqFbM2I=
golang.org/x/mod v0.22.0 h1:D4nJWe9zXqHOmWqj4VMOJhvzj7bEZg4wEYa759z1pH4=
golang.org/x/mod v0.22.0/go.mod h1:6SkKJ3Xj0I0BrPOZoBy3bdMptDDU9oJrpohJ3eWZ1fY=
golang.org/x/sync v0.10.0 h1:3NQrjDixjgGwUOCaF8w2+VYHv0Ve/vGYSbdkTa98gmQ=
golang.org/x/sync v0.10.0/go.mod h1:Czt+wKu1gCyEFDUtn0jG5QVvpJ6rzVqr5aXyt9drQfk=
golang.org/x/tools v0.28.0 h1:WuB6qZ4RPCQo5aP3WdKZS7i595EdWqWR8vqJTlwTVK8=
golang.org/x/tools v0.28.0/go.mod h1:dcIOrVd3mfQKTgrDVQHqCPMWy6lnhfhtX3hLXYVLfRw=
gopkg.in/check.v1 v0.0.0-20161208181325-20d25e280405/go.mod h1:Co6ibVJAznAaIkqp8huTwlJQCZ016jof/cbN4VW5Yz0=
gopkg.in/yaml.v3 v3.0.1 h1:fxVm/GzAzEWqLHuvctI91KS9hhNmmWOoWu0XTYJS7CA=
gopkg.in/yaml.v3 v3.0.1/go.mod h1:K4uyk7z7BCEPqu6E+C64Yfv1cQ7kz7rIZviUmN+EgEM=
